
Microsoft Visual Studio Solution File, Format Version 12.00
# Visual Studio Version 17
VisualStudioVersion = 17.13.35825.156 d17.13
MinimumVisualStudioVersion = 10.0.40219.1
Project("{FAE04EC0-301F-11D3-BF4B-00C04F79EFBC}") = "prjRevenuQuebec", "prjRevenuQuebec\prjRevenuQuebec.csproj", "{A0DA5B9A-6CB1-45AA-9069-C11CCFB058E5}"
EndProject
Global
	GlobalSection(SolutionConfigurationPlatforms) = preSolution
		Debug|Any CPU = Debug|Any CPU
		Release|Any CPU = Release|Any CPU
	EndGlobalSection
	GlobalSection(ProjectConfigurationPlatforms) = postSolution
		{A0DA5B9A-6CB1-45AA-9069-C11CCFB058E5}.Debug|Any CPU.ActiveCfg = Debug|Any CPU
		{A0DA5B9A-6CB1-45AA-9069-C11CCFB058E5}.Debug|Any CPU.Build.0 = Debug|Any CPU
		{A0DA5B9A-6CB1-45AA-9069-C11CCFB058E5}.Release|Any CPU.ActiveCfg = Release|Any CPU
		{A0DA5B9A-6CB1-45AA-9069-C11CCFB058E5}.Release|Any CPU.Build.0 = Release|Any CPU
	EndGlobalSection
	GlobalSection(SolutionProperties) = preSolution
		HideSolutionNode = FALSE
	EndGlobalSection
	GlobalSection(ExtensibilityGlobals) = postSolution
		SolutionGuid = {CE4EC0F7-A5D4-4FBC-8F42-ED2894F44945}
	EndGlobalSection
EndGlobal
